<?xml version="1.0" encoding="utf-8"?>
<Project ToolsVersion="4.0" xmlns="http://schemas.microsoft.com/developer/msbuild/2003">
  <ItemGroup>
    <Filter Include="源文件">
      <UniqueIdentifier>{4FC737F1-C7A5-4376-A066-2A32D752A2FF}</UniqueIdentifier>
      <Extensions>cpp;c;cc;cxx;c++;cppm;ixx;def;odl;idl;hpj;bat;asm;asmx</Extensions>
    </Filter>
    <Filter Include="头文件">
      <UniqueIdentifier>{93995380-89BD-4b04-88EB-625FBE52EBFB}</UniqueIdentifier>
      <Extensions>h;hh;hpp;hxx;h++;hm;inl;inc;ipp;xsd</Extensions>
    </Filter>
    <Filter Include="资源文件">
      <UniqueIdentifier>{67DA6AB6-F800-4c08-8B7A-83BB121AAD01}</UniqueIdentifier>
      <Extensions>rc;ico;cur;bmp;dlg;rc2;rct;bin;rgs;gif;jpg;jpeg;jpe;resx;tiff;tif;png;wav;mfcribbon-ms</Extensions>
    </Filter>
  </ItemGroup>
  <ItemGroup>
    <ClCompile Include="main.cpp">
      <Filter>源文件</Filter>
    </ClCompile>
    <ClCompile Include="src\test\hello.cpp">
      <Filter>源文件</Filter>
    </ClCompile>
    <ClCompile Include="src\utils\glsl_program.cpp">
      <Filter>源文件</Filter>
    </ClCompile>
    <ClCompile Include="src\utils\transform.cpp">
      <Filter>源文件</Filter>
    </ClCompile>
    <ClCompile Include="src\model\model.cpp">
      <Filter>源文件</Filter>
    </ClCompile>
    <ClCompile Include="src\app\application.cpp">
      <Filter>源文件</Filter>
    </ClCompile>
    <ClCompile Include="src\app\triangleApp.cpp">
      <Filter>源文件</Filter>
    </ClCompile>
    <ClCompile Include="src\model\triangle.cpp">
      <Filter>源文件</Filter>
    </ClCompile>
    <ClCompile Include="src\app\initSceneApp.cpp">
      <Filter>源文件</Filter>
    </ClCompile>
    <ClCompile Include="include\tinyobjloader\tiny_obj_loader.cc">
      <Filter>源文件</Filter>
    </ClCompile>
    <ClCompile Include="src\utils\camera.cpp">
      <Filter>源文件</Filter>
    </ClCompile>
    <ClCompile Include="include\stb\stb_image.cpp">
      <Filter>源文件</Filter>
    </ClCompile>
    <ClCompile Include="src\utils\skybox.cpp">
      <Filter>源文件</Filter>
    </ClCompile>
    <ClCompile Include="src\utils\texture.cpp">
      <Filter>源文件</Filter>
    </ClCompile>
    <ClCompile Include="src\utils\texture_cubemap.cpp">
      <Filter>源文件</Filter>
    </ClCompile>
    <ClCompile Include="src\utils\texture2d.cpp">
      <Filter>源文件</Filter>
    </ClCompile>
    <ClCompile Include="src\utils\framebuffer.cpp">
      <Filter>源文件</Filter>
    </ClCompile>
    <ClCompile Include="src\utils\fullscreen_quad.cpp">
      <Filter>源文件</Filter>
    </ClCompile>
    <ClCompile Include="src\utils\instanced_model.cpp">
      <Filter>源文件</Filter>
    </ClCompile>
    <ClCompile Include="include\glad\glad.c">
      <Filter>源文件</Filter>
    </ClCompile>
    <ClCompile Include="src\app\cameraTestApp.cpp">
      <Filter>源文件</Filter>
    </ClCompile>
    <ClCompile Include="src\utils\advance_camera.cpp">
      <Filter>源文件</Filter>
    </ClCompile>
    <ClCompile Include="src\app\testPhysicsApp.cpp">
      <Filter>源文件</Filter>
    </ClCompile>
    <ClCompile Include="src\utils\physics.cpp">
      <Filter>源文件</Filter>
    </ClCompile>
    <ClCompile Include="src\app\testPhysicsTwoApp.cpp">
      <Filter>源文件</Filter>
    </ClCompile>
    <ClCompile Include="src\app\testPhysicsThreeApp.cpp">
      <Filter>源文件</Filter>
    </ClCompile>
    <ClCompile Include="include\glm\detail\glm.cpp">
      <Filter>源文件</Filter>
    </ClCompile>
    <ClCompile Include="src\utils\collision_system.cpp">
      <Filter>源文件</Filter>
    </ClCompile>
    <ClCompile Include="src\utils\bvh.cpp">
      <Filter>源文件</Filter>
    </ClCompile>
    <ClCompile Include="src\app\lightingTestApp.cpp">
      <Filter>源文件</Filter>
    </ClCompile>
    <ClCompile Include="src\app\lightingTestApp2.cpp">
      <Filter>源文件</Filter>
    </ClCompile>
    <ClCompile Include="src\animation\animation.cpp">
      <Filter>源文件</Filter>
    </ClCompile>
    <ClCompile Include="src\app\modelImportApp.cpp">
      <Filter>源文件</Filter>
    </ClCompile>
    <ClCompile Include="src\app\final\finalSceneApp.cpp">
      <Filter>源文件</Filter>
    </ClCompile>
    <ClCompile Include="src\model\advancedModel.cpp">
      <Filter>源文件</Filter>
    </ClCompile>
    <ClCompile Include="src\model\mesh.cpp">
      <Filter>源文件</Filter>
    </ClCompile>
    <ClCompile Include="src\app\final\srcDef.cpp">
      <Filter>源文件</Filter>
    </ClCompile>
    <ClCompile Include="src\app\final\player.cpp">
      <Filter>源文件</Filter>
    </ClCompile>
    <ClCompile Include="src\app\final\map.cpp">
      <Filter>源文件</Filter>
    </ClCompile>
    <ClCompile Include="src\app\final\dialog.cpp">
      <Filter>源文件</Filter>
    </ClCompile>
    <ClCompile Include="src\app\final\dialog_example.cpp">
      <Filter>源文件</Filter>
    </ClCompile>
    <ClCompile Include="src\app\final\entity.cpp">
      <Filter>源文件</Filter>
    </ClCompile>
    <ClCompile Include="src\app\final\interface.cpp">
      <Filter>源文件</Filter>
    </ClCompile>
    <ClCompile Include="src\app\audioPlayerTestApp.cpp">
      <Filter>源文件</Filter>
    </ClCompile>
    <ClCompile Include="src\app\audioTestApp.cpp">
      <Filter>源文件</Filter>
    </ClCompile>
    <ClCompile Include="src\app\final\text.cpp">
      <Filter>源文件</Filter>
    </ClCompile>
    <ClCompile Include="src\app\minimalAudioTestApp.cpp">
      <Filter>源文件</Filter>
    </ClCompile>
    <ClCompile Include="src\app\glowTestApp.cpp">
      <Filter>源文件</Filter>
    </ClCompile>
    <ClCompile Include="src\utils\audio_player.cpp">
      <Filter>源文件</Filter>
    </ClCompile>
    <ClCompile Include="src\app\skeletalAnimationApp.cpp">
      <Filter>源文件</Filter>
    </ClCompile>
    <ClCompile Include="src\animation\animated_mesh.cpp">
      <Filter>源文件</Filter>
    </ClCompile>
    <ClCompile Include="src\animation\animated_model.cpp">
      <Filter>源文件</Filter>
    </ClCompile>
    <ClCompile Include="src\animation\animator.cpp">
      <Filter>源文件</Filter>
    </ClCompile>
    <ClCompile Include="src\animation\bone.cpp">
      <Filter>源文件</Filter>
    </ClCompile>
  </ItemGroup>
  <ItemGroup>
    <ClInclude Include="src\test\hello.hpp">
      <Filter>头文件</Filter>
    </ClInclude>
    <ClInclude Include="src\utils\glsl_program.hpp">
      <Filter>头文件</Filter>
    </ClInclude>
    <ClInclude Include="src\utils\transform.hpp">
      <Filter>头文件</Filter>
    </ClInclude>
    <ClInclude Include="src\utils\frame_rate_indicator.hpp">
      <Filter>头文件</Filter>
    </ClInclude>
    <ClInclude Include="src\utils\gl_utility.hpp">
      <Filter>头文件</Filter>
    </ClInclude>
    <ClInclude Include="src\utils\input.hpp">
      <Filter>头文件</Filter>
    </ClInclude>
    <ClInclude Include="src\model\model.hpp">
      <Filter>头文件</Filter>
    </ClInclude>
    <ClInclude Include="src\model\monkeyHead.hpp">
      <Filter>头文件</Filter>
    </ClInclude>
    <ClInclude Include="src\utils\bounding_box.hpp">
      <Filter>头文件</Filter>
    </ClInclude>
    <ClInclude Include="src\utils\vertex.hpp">
      <Filter>头文件</Filter>
    </ClInclude>
    <ClInclude Include="src\app\application.hpp">
      <Filter>头文件</Filter>
    </ClInclude>
    <ClInclude Include="src\app\triangleApp.hpp">
      <Filter>头文件</Filter>
    </ClInclude>
    <ClInclude Include="src\model\triangle.hpp">
      <Filter>头文件</Filter>
    </ClInclude>
    <ClInclude Include="src\app\initSceneApp.hpp">
      <Filter>头文件</Filter>
    </ClInclude>
    <ClInclude Include="src\utils\camera.hpp">
      <Filter>头文件</Filter>
    </ClInclude>
    <ClInclude Include="src\utils\frustum.hpp">
      <Filter>头文件</Filter>
    </ClInclude>
    <ClInclude Include="src\utils\plane.hpp">
      <Filter>头文件</Filter>
    </ClInclude>
    <ClInclude Include="src\utils\skybox.hpp">
      <Filter>头文件</Filter>
    </ClInclude>
    <ClInclude Include="src\utils\texture.hpp">
      <Filter>头文件</Filter>
    </ClInclude>
    <ClInclude Include="src\utils\texture_cubemap.hpp">
      <Filter>头文件</Filter>
    </ClInclude>
    <ClInclude Include="src\utils\texture2d.hpp">
      <Filter>头文件</Filter>
    </ClInclude>
    <ClInclude Include="src\utils\framebuffer.hpp">
      <Filter>头文件</Filter>
    </ClInclude>
    <ClInclude Include="src\utils\fullscreen_quad.hpp">
      <Filter>头文件</Filter>
    </ClInclude>
    <ClInclude Include="src\utils\instanced_model.hpp">
      <Filter>头文件</Filter>
    </ClInclude>
    <ClInclude Include="src\utils\light.hpp">
      <Filter>头文件</Filter>
    </ClInclude>
    <ClInclude Include="src\utils\uniform_buffer.h">
      <Filter>头文件</Filter>
    </ClInclude>
    <ClInclude Include="src\app\cameraTestApp.hpp">
      <Filter>头文件</Filter>
    </ClInclude>
    <ClInclude Include="src\app\testPhysicsApp.hpp">
      <Filter>头文件</Filter>
    </ClInclude>
    <ClInclude Include="src\app\testPhysicsTwoApp.hpp">
      <Filter>头文件</Filter>
    </ClInclude>
    <ClInclude Include="src\animation\animation.hpp">
      <Filter>头文件</Filter>
    </ClInclude>
    <ClInclude Include="src\app\modelImportApp.hpp">
      <Filter>头文件</Filter>
    </ClInclude>
    <ClInclude Include="src\app\testPhysicsThreeApp.hpp">
      <Filter>头文件</Filter>
    </ClInclude>
    <ClInclude Include="src\utils\physics.hpp">
      <Filter>头文件</Filter>
    </ClInclude>
    <ClInclude Include="src\utils\collision_system.hpp">
      <Filter>头文件</Filter>
    </ClInclude>
    <ClInclude Include="src\utils\advance_camera.hpp">
      <Filter>头文件</Filter>
    </ClInclude>
    <ClInclude Include="src\utils\bvh.hpp">
      <Filter>头文件</Filter>
    </ClInclude>
    <ClInclude Include="src\utils\bounding_sphere.hpp">
      <Filter>头文件</Filter>
    </ClInclude>
    <ClInclude Include="src\app\lightingTestApp.hpp">
      <Filter>头文件</Filter>
    </ClInclude>
    <ClInclude Include="src\app\lightingTestApp2.hpp">
      <Filter>头文件</Filter>
    </ClInclude>
    <ClInclude Include="src\app\final\finalSceneApp.hpp">
      <Filter>头文件</Filter>
    </ClInclude>
    <ClInclude Include="src\model\advancedModel.hpp">
      <Filter>头文件</Filter>
    </ClInclude>
    <ClInclude Include="src\model\mesh.hpp">
      <Filter>头文件</Filter>
    </ClInclude>
    <ClInclude Include="src\app\final\srcDef.hpp">
      <Filter>头文件</Filter>
    </ClInclude>
    <ClInclude Include="src\app\final\player.hpp">
      <Filter>头文件</Filter>
    </ClInclude>
    <ClInclude Include="src\app\final\map.hpp">
      <Filter>头文件</Filter>
    </ClInclude>
    <ClInclude Include="src\app\final\dialog.hpp">
      <Filter>头文件</Filter>
    </ClInclude>
    <ClInclude Include="src\app\final\entity.hpp">
      <Filter>头文件</Filter>
    </ClInclude>
    <ClInclude Include="src\app\final\interface.hpp">
      <Filter>头文件</Filter>
    </ClInclude>
    <ClInclude Include="src\app\final\text.hpp">
      <Filter>头文件</Filter>
    </ClInclude>
    <ClInclude Include="src\app\audioPlayerTestApp.hpp">
      <Filter>头文件</Filter>
    </ClInclude>
    <ClInclude Include="src\app\audioTestApp.hpp">
      <Filter>头文件</Filter>
    </ClInclude>
    <ClInclude Include="src\app\minimalAudioTestApp.hpp">
      <Filter>头文件</Filter>
    </ClInclude>
    <ClInclude Include="src\utils\audio_player.hpp">
      <Filter>头文件</Filter>
    </ClInclude>
    <ClInclude Include="src\app\skeletalAnimationApp.hpp">
      <Filter>头文件</Filter>
    </ClInclude>
    <ClInclude Include="src\animation\animated_mesh.hpp">
      <Filter>头文件</Filter>
    </ClInclude>
    <ClInclude Include="src\animation\animated_model.hpp">
      <Filter>头文件</Filter>
    </ClInclude>
    <ClInclude Include="src\animation\animation_data.hpp">
      <Filter>头文件</Filter>
    </ClInclude>
    <ClInclude Include="src\animation\animator.hpp">
      <Filter>头文件</Filter>
    </ClInclude>
    <ClInclude Include="src\animation\bone.hpp">
      <Filter>头文件</Filter>
    </ClInclude>
  </ItemGroup>
  <ItemGroup>
    <Library Include="lib\glfw3.lib" />
    <Library Include="lib\assimp.lib" />
  </ItemGroup>
  <ItemGroup>
    <None Include="lib\assimp.dll" />
  </ItemGroup>
</Project>